using System;
using System.Collections.Generic;

namespace AlisverisProgrami
{
    class Program
    {
        static void Main(string[] args)
        {
            string[] urunler = { "Çamaşır Suyu", "Mandalina (1kg)", "Muz", "Çay (1000gr)", "Su (5 Lt.)", "Kitap", "Defter", "Kalem", "Çanta", "Su Bardağı" };
            double[] fiyatlar = { 10.0, 20.0, 30.0, 40.0, 50.0, 60.0, 70.0, 80.0, 90.0, 100.0 };
            List<string> sepet = new List<string>();
            double toplamTutar = 0;

            Console.WriteLine("Ürünler:");
            for (int i = 0; i < urunler.Length; i++)
            {
                Console.WriteLine((i + 1) + ". " + urunler[i] + " - " + fiyatlar[i] + " TL");
            }

            while (true)
            {
                Console.Write("Lütfen bir ürün seçin: ");
                int secim = Convert.ToInt32(Console.ReadLine());
                string urun = urunler[secim - 1];
                sepet.Add(urun);
                toplamTutar += fiyatlar[secim - 1];
                Console.WriteLine(urun + " sepete eklendi.");
                Console.WriteLine("Sepetteki Ürünler:");
                foreach (string u in sepet)
                {
                    Console.WriteLine("- " + u);
                }

                Console.Write("Başka bir ürün almak istiyor musunuz? (E/H): ");
                string cevap = Console.ReadLine();
                if (cevap.ToLower() != "e")
                {
                    break;
                }
            }

            Console.WriteLine("Toplam Tutar: " + toplamTutar + " TL");
            Console.WriteLine("Alışveriş tamamlandı. Teşekkür ederiz!");
            Console.ReadLine();
        }
    }
}
